
Microsoft Visual Studio Solution File, Format Version 12.00
# Visual Studio Version 17
VisualStudioVersion = 17.0.31903.59
MinimumVisualStudioVersion = 10.0.40219.1
Project("{FAE04EC0-301F-11D3-BF4B-00C04F79EFBC}") = "dice_roll_game", "dice_roll_game\dice_roll_game.csproj", "{080E0677-569F-410C-A30B-F72ED8FAB62A}"
EndProject
Project("{FAE04EC0-301F-11D3-BF4B-00C04F79EFBC}") = "todo", "todoList\todo.csproj", "{D0733991-FA9C-400B-86BB-4B1BDC87FBED}"
EndProject
Global
	GlobalSection(SolutionConfigurationPlatforms) = preSolution
		Debug|Any CPU = Debug|Any CPU
		Release|Any CPU = Release|Any CPU
	EndGlobalSection
	GlobalSection(SolutionProperties) = preSolution
		HideSolutionNode = FALSE
	EndGlobalSection
	GlobalSection(ProjectConfigurationPlatforms) = postSolution
		{080E0677-569F-410C-A30B-F72ED8FAB62A}.Debug|Any CPU.ActiveCfg = Debug|Any CPU
		{080E0677-569F-410C-A30B-F72ED8FAB62A}.Debug|Any CPU.Build.0 = Debug|Any CPU
		{080E0677-569F-410C-A30B-F72ED8FAB62A}.Release|Any CPU.ActiveCfg = Release|Any CPU
		{080E0677-569F-410C-A30B-F72ED8FAB62A}.Release|Any CPU.Build.0 = Release|Any CPU
		{D0733991-FA9C-400B-86BB-4B1BDC87FBED}.Debug|Any CPU.ActiveCfg = Debug|Any CPU
		{D0733991-FA9C-400B-86BB-4B1BDC87FBED}.Debug|Any CPU.Build.0 = Debug|Any CPU
		{D0733991-FA9C-400B-86BB-4B1BDC87FBED}.Release|Any CPU.ActiveCfg = Release|Any CPU
		{D0733991-FA9C-400B-86BB-4B1BDC87FBED}.Release|Any CPU.Build.0 = Release|Any CPU
	EndGlobalSection
EndGlobal
